
Microsoft Visual Studio Solution File, Format Version 12.00
# Visual Studio Version 16
VisualStudioVersion = 16.0.808.1
MinimumVisualStudioVersion = 10.0.40219.1
Project("{FAE04EC0-301F-11D3-BF4B-00C04F79EFBC}") = "FingerPaint.Android", "FingerPaint.Android\FingerPaint.Android.csproj", "{2139DB9D-6502-43DD-990F-E4E99C460CF7}"
EndProject
Project("{FAE04EC0-301F-11D3-BF4B-00C04F79EFBC}") = "FingerPaint.iOS", "FingerPaint.iOS\FingerPaint.iOS.csproj", "{9E79F313-950F-4281-B1A3-DA89442B4B23}"
EndProject
Project("{FAE04EC0-301F-11D3-BF4B-00C04F79EFBC}") = "FingerPaint", "FingerPaint\FingerPaint.csproj", "{0CE2FA37-E9EA-46DC-9CC8-64843AD693DD}"
EndProject
Global
	GlobalSection(SolutionConfigurationPlatforms) = preSolution
		Debug|Any CPU = Debug|Any CPU
		Release|Any CPU = Release|Any CPU
		Debug|iPhoneSimulator = Debug|iPhoneSimulator
		Release|iPhoneSimulator = Release|iPhoneSimulator
		Debug|iPhone = Debug|iPhone
		Release|iPhone = Release|iPhone
	EndGlobalSection
	GlobalSection(ProjectConfigurationPlatforms) = postSolution
		{2139DB9D-6502-43DD-990F-E4E99C460CF7}.Debug|Any CPU.ActiveCfg = Debug|Any CPU
		{2139DB9D-6502-43DD-990F-E4E99C460CF7}.Debug|Any CPU.Build.0 = Debug|Any CPU
		{2139DB9D-6502-43DD-990F-E4E99C460CF7}.Release|Any CPU.ActiveCfg = Release|Any CPU
		{2139DB9D-6502-43DD-990F-E4E99C460CF7}.Release|Any CPU.Build.0 = Release|Any CPU
		{2139DB9D-6502-43DD-990F-E4E99C460CF7}.Debug|iPhoneSimulator.ActiveCfg = Debug|Any CPU
		{2139DB9D-6502-43DD-990F-E4E99C460CF7}.Debug|iPhoneSimulator.Build.0 = Debug|Any CPU
		{2139DB9D-6502-43DD-990F-E4E99C460CF7}.Release|iPhoneSimulator.ActiveCfg = Release|Any CPU
		{2139DB9D-6502-43DD-990F-E4E99C460CF7}.Release|iPhoneSimulator.Build.0 = Release|Any CPU
		{2139DB9D-6502-43DD-990F-E4E99C460CF7}.Debug|iPhone.ActiveCfg = Debug|Any CPU
		{2139DB9D-6502-43DD-990F-E4E99C460CF7}.Debug|iPhone.Build.0 = Debug|Any CPU
		{2139DB9D-6502-43DD-990F-E4E99C460CF7}.Release|iPhone.ActiveCfg = Release|Any CPU
		{2139DB9D-6502-43DD-990F-E4E99C460CF7}.Release|iPhone.Build.0 = Release|Any CPU
		{9E79F313-950F-4281-B1A3-DA89442B4B23}.Debug|Any CPU.ActiveCfg = Debug|iPhoneSimulator
		{9E79F313-950F-4281-B1A3-DA89442B4B23}.Debug|Any CPU.Build.0 = Debug|iPhoneSimulator
		{9E79F313-950F-4281-B1A3-DA89442B4B23}.Release|Any CPU.ActiveCfg = Release|iPhoneSimulator
		{9E79F313-950F-4281-B1A3-DA89442B4B23}.Release|Any CPU.Build.0 = Release|iPhoneSimulator
		{9E79F313-950F-4281-B1A3-DA89442B4B23}.Debug|iPhoneSimulator.ActiveCfg = Debug|iPhoneSimulator
		{9E79F313-950F-4281-B1A3-DA89442B4B23}.Debug|iPhoneSimulator.Build.0 = Debug|iPhoneSimulator
		{9E79F313-950F-4281-B1A3-DA89442B4B23}.Release|iPhoneSimulator.ActiveCfg = Release|iPhoneSimulator
		{9E79F313-950F-4281-B1A3-DA89442B4B23}.Release|iPhoneSimulator.Build.0 = Release|iPhoneSimulator
		{9E79F313-950F-4281-B1A3-DA89442B4B23}.Debug|iPhone.ActiveCfg = Debug|iPhone
		{9E79F313-950F-4281-B1A3-DA89442B4B23}.Debug|iPhone.Build.0 = Debug|iPhone
		{9E79F313-950F-4281-B1A3-DA89442B4B23}.Release|iPhone.ActiveCfg = Release|iPhone
		{9E79F313-950F-4281-B1A3-DA89442B4B23}.Release|iPhone.Build.0 = Release|iPhone
		{0CE2FA37-E9EA-46DC-9CC8-64843AD693DD}.Debug|Any CPU.ActiveCfg = Debug|Any CPU
		{0CE2FA37-E9EA-46DC-9CC8-64843AD693DD}.Debug|Any CPU.Build.0 = Debug|Any CPU
		{0CE2FA37-E9EA-46DC-9CC8-64843AD693DD}.Release|Any CPU.ActiveCfg = Release|Any CPU
		{0CE2FA37-E9EA-46DC-9CC8-64843AD693DD}.Release|Any CPU.Build.0 = Release|Any CPU
		{0CE2FA37-E9EA-46DC-9CC8-64843AD693DD}.Debug|iPhoneSimulator.ActiveCfg = Debug|Any CPU
		{0CE2FA37-E9EA-46DC-9CC8-64843AD693DD}.Debug|iPhoneSimulator.Build.0 = Debug|Any CPU
		{0CE2FA37-E9EA-46DC-9CC8-64843AD693DD}.Release|iPhoneSimulator.ActiveCfg = Release|Any CPU
		{0CE2FA37-E9EA-46DC-9CC8-64843AD693DD}.Release|iPhoneSimulator.Build.0 = Release|Any CPU
		{0CE2FA37-E9EA-46DC-9CC8-64843AD693DD}.Debug|iPhone.ActiveCfg = Debug|Any CPU
		{0CE2FA37-E9EA-46DC-9CC8-64843AD693DD}.Debug|iPhone.Build.0 = Debug|Any CPU
		{0CE2FA37-E9EA-46DC-9CC8-64843AD693DD}.Release|iPhone.ActiveCfg = Release|Any CPU
		{0CE2FA37-E9EA-46DC-9CC8-64843AD693DD}.Release|iPhone.Build.0 = Release|Any CPU
	EndGlobalSection
	GlobalSection(SolutionProperties) = preSolution
		HideSolutionNode = FALSE
	EndGlobalSection
	GlobalSection(ExtensibilityGlobals) = postSolution
		SolutionGuid = {E46FB566-5558-4D74-BD77-8F1413C74906}
	EndGlobalSection
EndGlobal
